
Microsoft Visual Studio Solution File, Format Version 12.00
# Visual Studio 15
VisualStudioVersion = 15.0.28307.1000
MinimumVisualStudioVersion = 10.0.40219.1
Project("{FAE04EC0-301F-11D3-BF4B-00C04F79EFBC}") = "WebApplication1", "WebApplication1\WebApplication1.csproj", "{0BDFE05E-12E9-448C-AADA-E2B014DF577A}"
EndProject
Project("{2150E333-8FDC-42A3-9474-1A3956D46DE8}") = "1-Web", "1-Web", "{6FB85C64-FAFD-4C6D-9053-E1A0B6EB1924}"
EndProject
Project("{2150E333-8FDC-42A3-9474-1A3956D46DE8}") = "2-Application", "2-Application", "{F05010AD-65C3-43B1-8283-781C3D5A6C01}"
EndProject
Project("{2150E333-8FDC-42A3-9474-1A3956D46DE8}") = "3-Domain", "3-Domain", "{1C60FFCD-DC31-4D2E-8928-1F7ACC65E46A}"
EndProject
Project("{2150E333-8FDC-42A3-9474-1A3956D46DE8}") = "4-Infra", "4-Infra", "{BF7A73D7-A05B-434F-8F07-6F8C67ED07A8}"
EndProject
Project("{FAE04EC0-301F-11D3-BF4B-00C04F79EFBC}") = "Application", "Application\Application.csproj", "{153CD515-50C0-4794-A6D6-3A7A388D8D09}"
EndProject
Project("{FAE04EC0-301F-11D3-BF4B-00C04F79EFBC}") = "Domain", "Domain\Domain.csproj", "{803B580B-0B12-4B94-9033-5B213CB77A87}"
EndProject
Project("{2150E333-8FDC-42A3-9474-1A3956D46DE8}") = "4.1-Data", "4.1-Data", "{C6AA1874-DDED-4E88-B5C8-43141D77BFB3}"
EndProject
Project("{FAE04EC0-301F-11D3-BF4B-00C04F79EFBC}") = "Data", "Data\Data.csproj", "{929F183B-36EA-49BC-A2E6-7A88D98E7348}"
EndProject
Global
	GlobalSection(SolutionConfigurationPlatforms) = preSolution
		Debug|Any CPU = Debug|Any CPU
		Release|Any CPU = Release|Any CPU
	EndGlobalSection
	GlobalSection(ProjectConfigurationPlatforms) = postSolution
		{0BDFE05E-12E9-448C-AADA-E2B014DF577A}.Debug|Any CPU.ActiveCfg = Debug|Any CPU
		{0BDFE05E-12E9-448C-AADA-E2B014DF577A}.Debug|Any CPU.Build.0 = Debug|Any CPU
		{0BDFE05E-12E9-448C-AADA-E2B014DF577A}.Release|Any CPU.ActiveCfg = Release|Any CPU
		{0BDFE05E-12E9-448C-AADA-E2B014DF577A}.Release|Any CPU.Build.0 = Release|Any CPU
		{153CD515-50C0-4794-A6D6-3A7A388D8D09}.Debug|Any CPU.ActiveCfg = Debug|Any CPU
		{153CD515-50C0-4794-A6D6-3A7A388D8D09}.Debug|Any CPU.Build.0 = Debug|Any CPU
		{153CD515-50C0-4794-A6D6-3A7A388D8D09}.Release|Any CPU.ActiveCfg = Release|Any CPU
		{153CD515-50C0-4794-A6D6-3A7A388D8D09}.Release|Any CPU.Build.0 = Release|Any CPU
		{803B580B-0B12-4B94-9033-5B213CB77A87}.Debug|Any CPU.ActiveCfg = Debug|Any CPU
		{803B580B-0B12-4B94-9033-5B213CB77A87}.Debug|Any CPU.Build.0 = Debug|Any CPU
		{803B580B-0B12-4B94-9033-5B213CB77A87}.Release|Any CPU.ActiveCfg = Release|Any CPU
		{803B580B-0B12-4B94-9033-5B213CB77A87}.Release|Any CPU.Build.0 = Release|Any CPU
		{929F183B-36EA-49BC-A2E6-7A88D98E7348}.Debug|Any CPU.ActiveCfg = Debug|Any CPU
		{929F183B-36EA-49BC-A2E6-7A88D98E7348}.Debug|Any CPU.Build.0 = Debug|Any CPU
		{929F183B-36EA-49BC-A2E6-7A88D98E7348}.Release|Any CPU.ActiveCfg = Release|Any CPU
		{929F183B-36EA-49BC-A2E6-7A88D98E7348}.Release|Any CPU.Build.0 = Release|Any CPU
	EndGlobalSection
	GlobalSection(SolutionProperties) = preSolution
		HideSolutionNode = FALSE
	EndGlobalSection
	GlobalSection(NestedProjects) = preSolution
		{0BDFE05E-12E9-448C-AADA-E2B014DF577A} = {6FB85C64-FAFD-4C6D-9053-E1A0B6EB1924}
		{153CD515-50C0-4794-A6D6-3A7A388D8D09} = {F05010AD-65C3-43B1-8283-781C3D5A6C01}
		{803B580B-0B12-4B94-9033-5B213CB77A87} = {1C60FFCD-DC31-4D2E-8928-1F7ACC65E46A}
		{C6AA1874-DDED-4E88-B5C8-43141D77BFB3} = {BF7A73D7-A05B-434F-8F07-6F8C67ED07A8}
		{929F183B-36EA-49BC-A2E6-7A88D98E7348} = {C6AA1874-DDED-4E88-B5C8-43141D77BFB3}
	EndGlobalSection
	GlobalSection(ExtensibilityGlobals) = postSolution
		SolutionGuid = {62C5C34F-143A-45BA-9C47-70B4445FB123}
	EndGlobalSection
EndGlobal
